{
	"name": "@ghasemkiani/decimal",
	"version": "1.0.1",
	"lockfileVersion": 3,
	"requires": true,
	"packages": {
		"": {
			"name": "@ghasemkiani/decimal",
			"version": "1.0.1",
			"license": "MIT",
			"dependencies": {
				"decimal.js": "github:ghasemkiani/decimal.js"
			}
		},
		"node_modules/decimal.js": {
			"version": "10.5.0",
			"resolved": "git+ssh://git@github.com/ghasemkiani/decimal.js.git#cb383de2638449090c5998e052cf2f557bcf5e3a",
			"license": "MIT"
		}
	}
}
